// !$*UTF8*$!
{
	archiveVersion = 1;
	classes = {
	};
	objectVersion = 46;
	objects = {

/* Begin PBXBuildFile section */
		8404FF6F180085C60082F01E /* Cedar-iOS.framework in Frameworks */ = {isa = PBXBuildFile; fileRef = 8404FF6E180085C60082F01E /* Cedar-iOS.framework */; };
		840E64061800908200148EA7 /* PebbleKit.framework in Frameworks */ = {isa = PBXBuildFile; fileRef = 842374571800872900FB7610 /* PebbleKit.framework */; };
		840E64071800908200148EA7 /* PebbleVendor.framework in Frameworks */ = {isa = PBXBuildFile; fileRef = 842374581800872900FB7610 /* PebbleVendor.framework */; };
		842374561800864400FB7610 /* PCAppDelegateSpec.mm in Sources */ = {isa = PBXBuildFile; fileRef = 842374551800864400FB7610 /* PCAppDelegateSpec.mm */; };
		842374591800872900FB7610 /* PebbleKit.framework in Frameworks */ = {isa = PBXBuildFile; fileRef = 842374571800872900FB7610 /* PebbleKit.framework */; };
		8423745B1800872900FB7610 /* PebbleVendor.framework in Frameworks */ = {isa = PBXBuildFile; fileRef = 842374581800872900FB7610 /* PebbleVendor.framework */; };
		8423745E18008F9100FB7610 /* CoreBluetooth.framework in Frameworks */ = {isa = PBXBuildFile; fileRef = 8423745D18008F9100FB7610 /* CoreBluetooth.framework */; };
		8423746018008F9400FB7610 /* CoreMotion.framework in Frameworks */ = {isa = PBXBuildFile; fileRef = 8423745F18008F9400FB7610 /* CoreMotion.framework */; };
		8423746218008F9900FB7610 /* libz.dylib in Frameworks */ = {isa = PBXBuildFile; fileRef = 8423746118008F9900FB7610 /* libz.dylib */; };
		8423746418008F9F00FB7610 /* ExternalAccessory.framework in Frameworks */ = {isa = PBXBuildFile; fileRef = 8423746318008F9F00FB7610 /* ExternalAccessory.framework */; };
		8423746518008FAF00FB7610 /* ExternalAccessory.framework in Frameworks */ = {isa = PBXBuildFile; fileRef = 8423746318008F9F00FB7610 /* ExternalAccessory.framework */; };
		8423746618008FB300FB7610 /* libz.dylib in Frameworks */ = {isa = PBXBuildFile; fileRef = 8423746118008F9900FB7610 /* libz.dylib */; };
		8423746718008FB800FB7610 /* CoreBluetooth.framework in Frameworks */ = {isa = PBXBuildFile; fileRef = 8423745D18008F9100FB7610 /* CoreBluetooth.framework */; };
		8423746818008FBC00FB7610 /* CoreMotion.framework in Frameworks */ = {isa = PBXBuildFile; fileRef = 8423745F18008F9400FB7610 /* CoreMotion.framework */; };
		8423746B18008FC800FB7610 /* MessageUI.framework in Frameworks */ = {isa = PBXBuildFile; fileRef = 8423746918008FC400FB7610 /* MessageUI.framework */; };
		843C3E8A1800937E00EB9E94 /* PCHomeViewController.m in Sources */ = {isa = PBXBuildFile; fileRef = 843C3E891800937E00EB9E94 /* PCHomeViewController.m */; };
		843C3E8D180093D200EB9E94 /* PCHomeViewControllerSpec.mm in Sources */ = {isa = PBXBuildFile; fileRef = 843C3E8C180093D200EB9E94 /* PCHomeViewControllerSpec.mm */; };
		843C3E901800958800EB9E94 /* PebCiti.m in Sources */ = {isa = PBXBuildFile; fileRef = 843C3E8F1800958800EB9E94 /* PebCiti.m */; };
		843C3E92180095AF00EB9E94 /* PebCitiSpec.mm in Sources */ = {isa = PBXBuildFile; fileRef = 843C3E91180095AF00EB9E94 /* PebCitiSpec.mm */; };
		843C3EA71800972600EB9E94 /* PCPebbleManager.m in Sources */ = {isa = PBXBuildFile; fileRef = 843C3EA61800972600EB9E94 /* PCPebbleManager.m */; };
		8462A98A180DC82000E66B4A /* PCStationsViewController.m in Sources */ = {isa = PBXBuildFile; fileRef = 8462A989180DC82000E66B4A /* PCStationsViewController.m */; };
		8462A98C180DCB9E00E66B4A /* PCStationsViewControllerSpec.mm in Sources */ = {isa = PBXBuildFile; fileRef = 8462A98B180DCB9E00E66B4A /* PCStationsViewControllerSpec.mm */; };
		8462A9B0180E1E9700E66B4A /* libxml2.2.dylib in Frameworks */ = {isa = PBXBuildFile; fileRef = 8462A9AE180E1E9200E66B4A /* libxml2.2.dylib */; };
		8462A9B4180E1ED500E66B4A /* libxml2.2.dylib in Frameworks */ = {isa = PBXBuildFile; fileRef = 8462A9AE180E1E9200E66B4A /* libxml2.2.dylib */; };
		8462A9B8180E1EF400E66B4A /* MessageUI.framework in Frameworks */ = {isa = PBXBuildFile; fileRef = 8423746918008FC400FB7610 /* MessageUI.framework */; };
		8473CA26180DC36B00961C86 /* UIAlertView+PebCiti.m in Sources */ = {isa = PBXBuildFile; fileRef = 8473CA25180DC36B00961C86 /* UIAlertView+PebCiti.m */; };
		8473CA2B180DC40100961C86 /* UIAlertView+PebCitiSpec.mm in Sources */ = {isa = PBXBuildFile; fileRef = 8473CA2A180DC40100961C86 /* UIAlertView+PebCitiSpec.mm */; };
		847BD52B18009BE100B3D398 /* PCPebbleManagerSpec.mm in Sources */ = {isa = PBXBuildFile; fileRef = 847BD52A18009BE100B3D398 /* PCPebbleManagerSpec.mm */; };
		84AF88FF181A1D3300D33AF7 /* PCHomeView.xib in Resources */ = {isa = PBXBuildFile; fileRef = 84AF88FE181A1D3300D33AF7 /* PCHomeView.xib */; };
		84D45176181E8D5B002A9D89 /* AudioToolbox.framework in Frameworks */ = {isa = PBXBuildFile; fileRef = 84D45175181E8D5B002A9D89 /* AudioToolbox.framework */; };
		84D610AD1800770D00403C60 /* Foundation.framework in Frameworks */ = {isa = PBXBuildFile; fileRef = 84D610AC1800770D00403C60 /* Foundation.framework */; };
		84D610AF1800770D00403C60 /* CoreGraphics.framework in Frameworks */ = {isa = PBXBuildFile; fileRef = 84D610AE1800770D00403C60 /* CoreGraphics.framework */; };
		84D610B11800770D00403C60 /* UIKit.framework in Frameworks */ = {isa = PBXBuildFile; fileRef = 84D610B01800770D00403C60 /* UIKit.framework */; };
		84D610B71800770D00403C60 /* InfoPlist.strings in Resources */ = {isa = PBXBuildFile; fileRef = 84D610B51800770D00403C60 /* InfoPlist.strings */; };
		84D610B91800770D00403C60 /* main.m in Sources */ = {isa = PBXBuildFile; fileRef = 84D610B81800770D00403C60 /* main.m */; };
		84D610BD1800770D00403C60 /* PCAppDelegate.m in Sources */ = {isa = PBXBuildFile; fileRef = 84D610BC1800770D00403C60 /* PCAppDelegate.m */; };
		84D610BF1800770D00403C60 /* Images.xcassets in Resources */ = {isa = PBXBuildFile; fileRef = 84D610BE1800770D00403C60 /* Images.xcassets */; };
		84D611001800792600403C60 /* SenTestingKit.framework in Frameworks */ = {isa = PBXBuildFile; fileRef = 84D610FF1800792600403C60 /* SenTestingKit.framework */; };
		84D611011800792600403C60 /* CoreGraphics.framework in Frameworks */ = {isa = PBXBuildFile; fileRef = 84D610AE1800770D00403C60 /* CoreGraphics.framework */; };
		84D611021800792600403C60 /* UIKit.framework in Frameworks */ = {isa = PBXBuildFile; fileRef = 84D610B01800770D00403C60 /* UIKit.framework */; };
		84D611031800792600403C60 /* Foundation.framework in Frameworks */ = {isa = PBXBuildFile; fileRef = 84D610AC1800770D00403C60 /* Foundation.framework */; };
		84D611091800792700403C60 /* InfoPlist.strings in Resources */ = {isa = PBXBuildFile; fileRef = 84D611071800792700403C60 /* InfoPlist.strings */; };
		84D6113518020FF700403C60 /* PCPebbleCentral.m in Sources */ = {isa = PBXBuildFile; fileRef = 84D6113418020FF700403C60 /* PCPebbleCentral.m */; };
		84F05AA11801D4210096EA4B /* libUIKit+PivotalSpecHelperStubs-StaticLib.a in Frameworks */ = {isa = PBXBuildFile; fileRef = 844813231801D39900183D89 /* libUIKit+PivotalSpecHelperStubs-StaticLib.a */; };
		84FD02391811764700D41A36 /* libFoundation+PivotalCore-StaticLib.a in Frameworks */ = {isa = PBXBuildFile; fileRef = 8462A99C180DD48000E66B4A /* libFoundation+PivotalCore-StaticLib.a */; };
		84FD023C1811766E00D41A36 /* libFoundation+PivotalSpecHelper-StaticLib.a in Frameworks */ = {isa = PBXBuildFile; fileRef = 8462A9A0180DD48000E66B4A /* libFoundation+PivotalSpecHelper-StaticLib.a */; };
		84FD023D1811769300D41A36 /* libUIKit+PivotalSpecHelper-StaticLib.a in Frameworks */ = {isa = PBXBuildFile; fileRef = 844813211801D39900183D89 /* libUIKit+PivotalSpecHelper-StaticLib.a */; };
		84FD0246181177FF00D41A36 /* 200.txt in Resources */ = {isa = PBXBuildFile; fileRef = 84FD0245181177FF00D41A36 /* 200.txt */; };
		84FD025A181179E800D41A36 /* 404.txt in Resources */ = {isa = PBXBuildFile; fileRef = 84FD0259181179E800D41A36 /* 404.txt */; };
		84FD026518118C5D00D41A36 /* CoreLocation.framework in Frameworks */ = {isa = PBXBuildFile; fileRef = 84FD026418118C5D00D41A36 /* CoreLocation.framework */; };
		84FD027818118C6200D41A36 /* CoreLocation.framework in Frameworks */ = {isa = PBXBuildFile; fileRef = 84FD026418118C5D00D41A36 /* CoreLocation.framework */; };
		84FD027C18119EE400D41A36 /* PCStationList.m in Sources */ = {isa = PBXBuildFile; fileRef = 84FD027B18119EE400D41A36 /* PCStationList.m */; };
		84FD029D1811A5B800D41A36 /* PCStationListSpec.mm in Sources */ = {isa = PBXBuildFile; fileRef = 84FD029C1811A5B800D41A36 /* PCStationListSpec.mm */; };
		84FD02A01811C8B400D41A36 /* PCStation.m in Sources */ = {isa = PBXBuildFile; fileRef = 84FD029F1811C8B400D41A36 /* PCStation.m */; };
/* End PBXBuildFile section */

/* Begin PBXContainerItemProxy section */
		8448131E1801D39900183D89 /* PBXContainerItemProxy */ = {
			isa = PBXContainerItemProxy;
			containerPortal = 8448130B1801D39800183D89 /* UIKit.xcodeproj */;
			proxyType = 2;
			remoteGlobalIDString = AEBCCC24168B999F0056EE83;
			remoteInfo = "UIKit+PivotalCore-StaticLib";
		};
		844813201801D39900183D89 /* PBXContainerItemProxy */ = {
			isa = PBXContainerItemProxy;
			containerPortal = 8448130B1801D39800183D89 /* UIKit.xcodeproj */;
			proxyType = 2;
			remoteGlobalIDString = AEBCCC64168B9AF10056EE83;
			remoteInfo = "UIKit+PivotalSpecHelper-StaticLib";
		};
		844813221801D39900183D89 /* PBXContainerItemProxy */ = {
			isa = PBXContainerItemProxy;
			containerPortal = 8448130B1801D39800183D89 /* UIKit.xcodeproj */;
			proxyType = 2;
			remoteGlobalIDString = AEC40C89174C203700474D2D;
			remoteInfo = "UIKit+PivotalSpecHelperStubs-StaticLib";
		};
		844813241801D39900183D89 /* PBXContainerItemProxy */ = {
			isa = PBXContainerItemProxy;
			containerPortal = 8448130B1801D39800183D89 /* UIKit.xcodeproj */;
			proxyType = 2;
			remoteGlobalIDString = AEBCCC34168B99ED0056EE83;
			remoteInfo = "UIKit-StaticLibSpec";
		};
		8462A999180DD48000E66B4A /* PBXContainerItemProxy */ = {
			isa = PBXContainerItemProxy;
			containerPortal = 8462A98D180DD48000E66B4A /* Foundation.xcodeproj */;
			proxyType = 2;
			remoteGlobalIDString = AEA96B49168B506500861DF1;
			remoteInfo = "Foundation+PivotalCore";
		};
		8462A99B180DD48000E66B4A /* PBXContainerItemProxy */ = {
			isa = PBXContainerItemProxy;
			containerPortal = 8462A98D180DD48000E66B4A /* Foundation.xcodeproj */;
			proxyType = 2;
			remoteGlobalIDString = AEA96C54168B636E00861DF1;
			remoteInfo = "Foundation+PivotalCore-StaticLib";
		};
		8462A99D180DD48000E66B4A /* PBXContainerItemProxy */ = {
			isa = PBXContainerItemProxy;
			containerPortal = 8462A98D180DD48000E66B4A /* Foundation.xcodeproj */;
			proxyType = 2;
			remoteGlobalIDString = AEA96B9E168B541900861DF1;
			remoteInfo = "Foundation+PivotalSpecHelper";
		};
		8462A99F180DD48000E66B4A /* PBXContainerItemProxy */ = {
			isa = PBXContainerItemProxy;
			containerPortal = 8462A98D180DD48000E66B4A /* Foundation.xcodeproj */;
			proxyType = 2;
			remoteGlobalIDString = AEA96C64168B63BD00861DF1;
			remoteInfo = "Foundation+PivotalSpecHelper-StaticLib";
		};
		8462A9A1180DD48000E66B4A /* PBXContainerItemProxy */ = {
			isa = PBXContainerItemProxy;
			containerPortal = 8462A98D180DD48000E66B4A /* Foundation.xcodeproj */;
			proxyType = 2;
			remoteGlobalIDString = AEA96BD3168B561500861DF1;
			remoteInfo = FoundationSpec;
		};
		8462A9A3180DD48000E66B4A /* PBXContainerItemProxy */ = {
			isa = PBXContainerItemProxy;
			containerPortal = 8462A98D180DD48000E66B4A /* Foundation.xcodeproj */;
			proxyType = 2;
			remoteGlobalIDString = AEA96C74168B640B00861DF1;
			remoteInfo = "Foundation-StaticLibSpec";
		};
		84D610E91800791300403C60 /* PBXContainerItemProxy */ = {
			isa = PBXContainerItemProxy;
			containerPortal = 84D610DD1800791100403C60 /* Cedar.xcodeproj */;
			proxyType = 2;
			remoteGlobalIDString = AEEE1FB611DC271300029872;
			remoteInfo = Cedar;
		};
		84D610EB1800791300403C60 /* PBXContainerItemProxy */ = {
			isa = PBXContainerItemProxy;
			containerPortal = 84D610DD1800791100403C60 /* Cedar.xcodeproj */;
			proxyType = 2;
			remoteGlobalIDString = AEEE218611DC28E200029872;
			remoteInfo = Specs;
		};
		84D610ED1800791300403C60 /* PBXContainerItemProxy */ = {
			isa = PBXContainerItemProxy;
			containerPortal = 84D610DD1800791100403C60 /* Cedar.xcodeproj */;
			proxyType = 2;
			remoteGlobalIDString = 96A07F0813F276640021974D;
			remoteInfo = FocusedSpecs;
		};
		84D610EF1800791300403C60 /* PBXContainerItemProxy */ = {
			isa = PBXContainerItemProxy;
			containerPortal = 84D610DD1800791100403C60 /* Cedar.xcodeproj */;
			proxyType = 2;
			remoteGlobalIDString = AEEE222911DC2B0600029872;
			remoteInfo = "Cedar-StaticLib";
		};
		84D610F11800791300403C60 /* PBXContainerItemProxy */ = {
			isa = PBXContainerItemProxy;
			containerPortal = 84D610DD1800791100403C60 /* Cedar.xcodeproj */;
			proxyType = 2;
			remoteGlobalIDString = AEEE227611DC2CF900029872;
			remoteInfo = iOSSpecs;
		};
		84D610F31800791300403C60 /* PBXContainerItemProxy */ = {
			isa = PBXContainerItemProxy;
			containerPortal = 84D610DD1800791100403C60 /* Cedar.xcodeproj */;
			proxyType = 2;
			remoteGlobalIDString = 96B5F9F6144A81A7000A6A5D;
			remoteInfo = OCUnitApp;
		};
		84D610F51800791300403C60 /* PBXContainerItemProxy */ = {
			isa = PBXContainerItemProxy;
			containerPortal = 84D610DD1800791100403C60 /* Cedar.xcodeproj */;
			proxyType = 2;
			remoteGlobalIDString = 96B5FA11144A81A8000A6A5D;
			remoteInfo = OCUnitAppTests;
		};
		84D610F71800791300403C60 /* PBXContainerItemProxy */ = {
			isa = PBXContainerItemProxy;
			containerPortal = 84D610DD1800791100403C60 /* Cedar.xcodeproj */;
			proxyType = 2;
			remoteGlobalIDString = 96158A86144A915E005895CE;
			remoteInfo = OCUnitAppLogicTests;
		};
		84F05AAF1801D4B70096EA4B /* PBXContainerItemProxy */ = {
			isa = PBXContainerItemProxy;
			containerPortal = 8448130B1801D39800183D89 /* UIKit.xcodeproj */;
			proxyType = 1;
			remoteGlobalIDString = AEBCCC63168B9AF10056EE83;
			remoteInfo = "UIKit+PivotalSpecHelper-StaticLib";
		};
		84F05AB11801D4B70096EA4B /* PBXContainerItemProxy */ = {
			isa = PBXContainerItemProxy;
			containerPortal = 8448130B1801D39800183D89 /* UIKit.xcodeproj */;
			proxyType = 1;
			remoteGlobalIDString = AEC40C88174C203700474D2D;
			remoteInfo = "UIKit+PivotalSpecHelperStubs-StaticLib";
		};
		84FD02371811764200D41A36 /* PBXContainerItemProxy */ = {
			isa = PBXContainerItemProxy;
			containerPortal = 8462A98D180DD48000E66B4A /* Foundation.xcodeproj */;
			proxyType = 1;
			remoteGlobalIDString = AEA96C53168B636E00861DF1;
			remoteInfo = "Foundation+PivotalCore-StaticLib";
		};
		84FD023A1811766900D41A36 /* PBXContainerItemProxy */ = {
			isa = PBXContainerItemProxy;
			containerPortal = 8462A98D180DD48000E66B4A /* Foundation.xcodeproj */;
			proxyType = 1;
			remoteGlobalIDString = AEA96C63168B63BD00861DF1;
			remoteInfo = "Foundation+PivotalSpecHelper-StaticLib";
		};
/* End PBXContainerItemProxy section */

/* Begin PBXFileReference section */
		8404FF6E180085C60082F01E /* Cedar-iOS.framework */ = {isa = PBXFileReference; lastKnownFileType = wrapper.framework; path = "Cedar-iOS.framework"; sourceTree = "<group>"; };
		842374551800864400FB7610 /* PCAppDelegateSpec.mm */ = {isa = PBXFileReference; fileEncoding = 4; lastKnownFileType = sourcecode.cpp.objcpp; path = PCAppDelegateSpec.mm; sourceTree = "<group>"; };
		842374571800872900FB7610 /* PebbleKit.framework */ = {isa = PBXFileReference; lastKnownFileType = wrapper.framework; name = PebbleKit.framework; path = pebblekit/iOS/PebbleKit.framework; sourceTree = "<group>"; };
		842374581800872900FB7610 /* PebbleVendor.framework */ = {isa = PBXFileReference; lastKnownFileType = wrapper.framework; name = PebbleVendor.framework; path = pebblekit/iOS/PebbleVendor.framework; sourceTree = "<group>"; };
		8423745D18008F9100FB7610 /* CoreBluetooth.framework */ = {isa = PBXFileReference; lastKnownFileType = wrapper.framework; name = CoreBluetooth.framework; path = System/Library/Frameworks/CoreBluetooth.framework; sourceTree = SDKROOT; };
		8423745F18008F9400FB7610 /* CoreMotion.framework */ = {isa = PBXFileReference; lastKnownFileType = wrapper.framework; name = CoreMotion.framework; path = System/Library/Frameworks/CoreMotion.framework; sourceTree = SDKROOT; };
		8423746118008F9900FB7610 /* libz.dylib */ = {isa = PBXFileReference; lastKnownFileType = "compiled.mach-o.dylib"; name = libz.dylib; path = usr/lib/libz.dylib; sourceTree = SDKROOT; };
		8423746318008F9F00FB7610 /* ExternalAccessory.framework */ = {isa = PBXFileReference; lastKnownFileType = wrapper.framework; name = ExternalAccessory.framework; path = System/Library/Frameworks/ExternalAccessory.framework; sourceTree = SDKROOT; };
		8423746918008FC400FB7610 /* MessageUI.framework */ = {isa = PBXFileReference; lastKnownFileType = wrapper.framework; name = MessageUI.framework; path = System/Library/Frameworks/MessageUI.framework; sourceTree = SDKROOT; };
		843C3E881800937E00EB9E94 /* PCHomeViewController.h */ = {isa = PBXFileReference; fileEncoding = 4; lastKnownFileType = sourcecode.c.h; path = PCHomeViewController.h; sourceTree = "<group>"; };
		843C3E891800937E00EB9E94 /* PCHomeViewController.m */ = {isa = PBXFileReference; fileEncoding = 4; lastKnownFileType = sourcecode.c.objc; path = PCHomeViewController.m; sourceTree = "<group>"; };
		843C3E8C180093D200EB9E94 /* PCHomeViewControllerSpec.mm */ = {isa = PBXFileReference; fileEncoding = 4; lastKnownFileType = sourcecode.cpp.objcpp; path = PCHomeViewControllerSpec.mm; sourceTree = "<group>"; };
		843C3E8E1800958800EB9E94 /* PebCiti.h */ = {isa = PBXFileReference; fileEncoding = 4; lastKnownFileType = sourcecode.c.h; path = PebCiti.h; sourceTree = "<group>"; };
		843C3E8F1800958800EB9E94 /* PebCiti.m */ = {isa = PBXFileReference; fileEncoding = 4; lastKnownFileType = sourcecode.c.objc; path = PebCiti.m; sourceTree = "<group>"; };
		843C3E91180095AF00EB9E94 /* PebCitiSpec.mm */ = {isa = PBXFileReference; fileEncoding = 4; lastKnownFileType = sourcecode.cpp.objcpp; path = PebCitiSpec.mm; sourceTree = "<group>"; };
		843C3EA51800972600EB9E94 /* PCPebbleManager.h */ = {isa = PBXFileReference; fileEncoding = 4; lastKnownFileType = sourcecode.c.h; path = PCPebbleManager.h; sourceTree = "<group>"; };
		843C3EA61800972600EB9E94 /* PCPebbleManager.m */ = {isa = PBXFileReference; fileEncoding = 4; lastKnownFileType = sourcecode.c.objc; path = PCPebbleManager.m; sourceTree = "<group>"; };
		8448130B1801D39800183D89 /* UIKit.xcodeproj */ = {isa = PBXFileReference; lastKnownFileType = "wrapper.pb-project"; name = UIKit.xcodeproj; path = PivotalCoreKit/UIKit/UIKit.xcodeproj; sourceTree = "<group>"; };
		8462A988180DC82000E66B4A /* PCStationsViewController.h */ = {isa = PBXFileReference; fileEncoding = 4; lastKnownFileType = sourcecode.c.h; path = PCStationsViewController.h; sourceTree = "<group>"; };
		8462A989180DC82000E66B4A /* PCStationsViewController.m */ = {isa = PBXFileReference; fileEncoding = 4; lastKnownFileType = sourcecode.c.objc; path = PCStationsViewController.m; sourceTree = "<group>"; };
		8462A98B180DCB9E00E66B4A /* PCStationsViewControllerSpec.mm */ = {isa = PBXFileReference; fileEncoding = 4; lastKnownFileType = sourcecode.cpp.objcpp; path = PCStationsViewControllerSpec.mm; sourceTree = "<group>"; };
		8462A98D180DD48000E66B4A /* Foundation.xcodeproj */ = {isa = PBXFileReference; lastKnownFileType = "wrapper.pb-project"; name = Foundation.xcodeproj; path = PivotalCoreKit/Foundation/Foundation.xcodeproj; sourceTree = "<group>"; };
		8462A9AE180E1E9200E66B4A /* libxml2.2.dylib */ = {isa = PBXFileReference; lastKnownFileType = "compiled.mach-o.dylib"; name = libxml2.2.dylib; path = usr/lib/libxml2.2.dylib; sourceTree = SDKROOT; };
		8473CA24180DC36B00961C86 /* UIAlertView+PebCiti.h */ = {isa = PBXFileReference; fileEncoding = 4; lastKnownFileType = sourcecode.c.h; path = "UIAlertView+PebCiti.h"; sourceTree = "<group>"; };
		8473CA25180DC36B00961C86 /* UIAlertView+PebCiti.m */ = {isa = PBXFileReference; fileEncoding = 4; lastKnownFileType = sourcecode.c.objc; path = "UIAlertView+PebCiti.m"; sourceTree = "<group>"; };
		8473CA2A180DC40100961C86 /* UIAlertView+PebCitiSpec.mm */ = {isa = PBXFileReference; fileEncoding = 4; lastKnownFileType = sourcecode.cpp.objcpp; path = "UIAlertView+PebCitiSpec.mm"; sourceTree = "<group>"; };
		847BD52A18009BE100B3D398 /* PCPebbleManagerSpec.mm */ = {isa = PBXFileReference; fileEncoding = 4; lastKnownFileType = sourcecode.cpp.objcpp; path = PCPebbleManagerSpec.mm; sourceTree = "<group>"; };
		84AF88FE181A1D3300D33AF7 /* PCHomeView.xib */ = {isa = PBXFileReference; fileEncoding = 4; lastKnownFileType = file.xib; name = PCHomeView.xib; path = PebCiti/Views/PCHomeView.xib; sourceTree = SOURCE_ROOT; };
		84D45175181E8D5B002A9D89 /* AudioToolbox.framework */ = {isa = PBXFileReference; lastKnownFileType = wrapper.framework; name = AudioToolbox.framework; path = System/Library/Frameworks/AudioToolbox.framework; sourceTree = SDKROOT; };
		84D610A91800770D00403C60 /* PebCiti.app */ = {isa = PBXFileReference; explicitFileType = wrapper.application; includeInIndex = 0; path = PebCiti.app; sourceTree = BUILT_PRODUCTS_DIR; };
		84D610AC1800770D00403C60 /* Foundation.framework */ = {isa = PBXFileReference; lastKnownFileType = wrapper.framework; name = Foundation.framework; path = System/Library/Frameworks/Foundation.framework; sourceTree = SDKROOT; };
		84D610AE1800770D00403C60 /* CoreGraphics.framework */ = {isa = PBXFileReference; lastKnownFileType = wrapper.framework; name = CoreGraphics.framework; path = System/Library/Frameworks/CoreGraphics.framework; sourceTree = SDKROOT; };
		84D610B01800770D00403C60 /* UIKit.framework */ = {isa = PBXFileReference; lastKnownFileType = wrapper.framework; name = UIKit.framework; path = System/Library/Frameworks/UIKit.framework; sourceTree = SDKROOT; };
		84D610B41800770D00403C60 /* PebCiti-Info.plist */ = {isa = PBXFileReference; lastKnownFileType = text.plist.xml; path = "PebCiti-Info.plist"; sourceTree = "<group>"; };
		84D610B61800770D00403C60 /* en */ = {isa = PBXFileReference; lastKnownFileType = text.plist.strings; name = en; path = en.lproj/InfoPlist.strings; sourceTree = "<group>"; };
		84D610B81800770D00403C60 /* main.m */ = {isa = PBXFileReference; lastKnownFileType = sourcecode.c.objc; path = main.m; sourceTree = "<group>"; };
		84D610BA1800770D00403C60 /* PebCiti-Prefix.pch */ = {isa = PBXFileReference; lastKnownFileType = sourcecode.c.h; path = "PebCiti-Prefix.pch"; sourceTree = "<group>"; };
		84D610BB1800770D00403C60 /* PCAppDelegate.h */ = {isa = PBXFileReference; lastKnownFileType = sourcecode.c.h; path = PCAppDelegate.h; sourceTree = "<group>"; };
		84D610BC1800770D00403C60 /* PCAppDelegate.m */ = {isa = PBXFileReference; lastKnownFileType = sourcecode.c.objc; path = PCAppDelegate.m; sourceTree = "<group>"; };
		84D610BE1800770D00403C60 /* Images.xcassets */ = {isa = PBXFileReference; lastKnownFileType = folder.assetcatalog; path = Images.xcassets; sourceTree = "<group>"; };
		84D610C51800770D00403C60 /* XCTest.framework */ = {isa = PBXFileReference; lastKnownFileType = wrapper.framework; name = XCTest.framework; path = Library/Frameworks/XCTest.framework; sourceTree = DEVELOPER_DIR; };
		84D610DD1800791100403C60 /* Cedar.xcodeproj */ = {isa = PBXFileReference; lastKnownFileType = "wrapper.pb-project"; name = Cedar.xcodeproj; path = cedar/Cedar.xcodeproj; sourceTree = "<group>"; };
		84D610FE1800792600403C60 /* Specs.octest */ = {isa = PBXFileReference; explicitFileType = wrapper.cfbundle; includeInIndex = 0; path = Specs.octest; sourceTree = BUILT_PRODUCTS_DIR; };
		84D610FF1800792600403C60 /* SenTestingKit.framework */ = {isa = PBXFileReference; lastKnownFileType = wrapper.framework; name = SenTestingKit.framework; path = Library/Frameworks/SenTestingKit.framework; sourceTree = DEVELOPER_DIR; };
		84D611061800792600403C60 /* Specs-Info.plist */ = {isa = PBXFileReference; lastKnownFileType = text.plist.xml; path = "Specs-Info.plist"; sourceTree = "<group>"; };
		84D611081800792700403C60 /* en */ = {isa = PBXFileReference; lastKnownFileType = text.plist.strings; name = en; path = en.lproj/InfoPlist.strings; sourceTree = "<group>"; };
		84D6110F1800792700403C60 /* Specs-Prefix.pch */ = {isa = PBXFileReference; lastKnownFileType = sourcecode.c.h; path = "Specs-Prefix.pch"; sourceTree = "<group>"; };
		84D6113318020FF700403C60 /* PCPebbleCentral.h */ = {isa = PBXFileReference; fileEncoding = 4; lastKnownFileType = sourcecode.c.h; path = PCPebbleCentral.h; sourceTree = "<group>"; };
		84D6113418020FF700403C60 /* PCPebbleCentral.m */ = {isa = PBXFileReference; fileEncoding = 4; lastKnownFileType = sourcecode.c.objc; path = PCPebbleCentral.m; sourceTree = "<group>"; };
		84FD022D181088BE00D41A36 /* 200.txt */ = {isa = PBXFileReference; fileEncoding = 4; lastKnownFileType = text; path = 200.txt; sourceTree = "<group>"; };
		84FD0245181177FF00D41A36 /* 200.txt */ = {isa = PBXFileReference; fileEncoding = 4; lastKnownFileType = text; path = 200.txt; sourceTree = "<group>"; };
		84FD0259181179E800D41A36 /* 404.txt */ = {isa = PBXFileReference; fileEncoding = 4; lastKnownFileType = text; path = 404.txt; sourceTree = "<group>"; };
		84FD026418118C5D00D41A36 /* CoreLocation.framework */ = {isa = PBXFileReference; lastKnownFileType = wrapper.framework; name = CoreLocation.framework; path = System/Library/Frameworks/CoreLocation.framework; sourceTree = SDKROOT; };
		84FD027A18119EE400D41A36 /* PCStationList.h */ = {isa = PBXFileReference; fileEncoding = 4; lastKnownFileType = sourcecode.c.h; path = PCStationList.h; sourceTree = "<group>"; };
		84FD027B18119EE400D41A36 /* PCStationList.m */ = {isa = PBXFileReference; fileEncoding = 4; lastKnownFileType = sourcecode.c.objc; path = PCStationList.m; sourceTree = "<group>"; };
		84FD029C1811A5B800D41A36 /* PCStationListSpec.mm */ = {isa = PBXFileReference; fileEncoding = 4; lastKnownFileType = sourcecode.cpp.objcpp; path = PCStationListSpec.mm; sourceTree = "<group>"; };
		84FD029E1811C8B400D41A36 /* PCStation.h */ = {isa = PBXFileReference; fileEncoding = 4; lastKnownFileType = sourcecode.c.h; path = PCStation.h; sourceTree = "<group>"; };
		84FD029F1811C8B400D41A36 /* PCStation.m */ = {isa = PBXFileReference; fileEncoding = 4; lastKnownFileType = sourcecode.c.objc; path = PCStation.m; sourceTree = "<group>"; };
/* End PBXFileReference section */

/* Begin PBXFrameworksBuildPhase section */
		84D610A61800770D00403C60 /* Frameworks */ = {
			isa = PBXFrameworksBuildPhase;
			buildActionMask = 2147483647;
			files = (
				84D45176181E8D5B002A9D89 /* AudioToolbox.framework in Frameworks */,
				842374591800872900FB7610 /* PebbleKit.framework in Frameworks */,
				8423745B1800872900FB7610 /* PebbleVendor.framework in Frameworks */,
				84FD026518118C5D00D41A36 /* CoreLocation.framework in Frameworks */,
				8462A9B8180E1EF400E66B4A /* MessageUI.framework in Frameworks */,
				8462A9B4180E1ED500E66B4A /* libxml2.2.dylib in Frameworks */,
				8423746418008F9F00FB7610 /* ExternalAccessory.framework in Frameworks */,
				8423746218008F9900FB7610 /* libz.dylib in Frameworks */,
				8423746018008F9400FB7610 /* CoreMotion.framework in Frameworks */,
				8423745E18008F9100FB7610 /* CoreBluetooth.framework in Frameworks */,
				84D610AF1800770D00403C60 /* CoreGraphics.framework in Frameworks */,
				84D610B11800770D00403C60 /* UIKit.framework in Frameworks */,
				84D610AD1800770D00403C60 /* Foundation.framework in Frameworks */,
			);
			runOnlyForDeploymentPostprocessing = 0;
		};
		84D610FA1800792600403C60 /* Frameworks */ = {
			isa = PBXFrameworksBuildPhase;
			buildActionMask = 2147483647;
			files = (
				840E64061800908200148EA7 /* PebbleKit.framework in Frameworks */,
				840E64071800908200148EA7 /* PebbleVendor.framework in Frameworks */,
				84FD027818118C6200D41A36 /* CoreLocation.framework in Frameworks */,
				84FD023D1811769300D41A36 /* libUIKit+PivotalSpecHelper-StaticLib.a in Frameworks */,
				84FD023C1811766E00D41A36 /* libFoundation+PivotalSpecHelper-StaticLib.a in Frameworks */,
				84FD02391811764700D41A36 /* libFoundation+PivotalCore-StaticLib.a in Frameworks */,
				8462A9B0180E1E9700E66B4A /* libxml2.2.dylib in Frameworks */,
				84F05AA11801D4210096EA4B /* libUIKit+PivotalSpecHelperStubs-StaticLib.a in Frameworks */,
				8423746B18008FC800FB7610 /* MessageUI.framework in Frameworks */,
				8423746818008FBC00FB7610 /* CoreMotion.framework in Frameworks */,
				8423746718008FB800FB7610 /* CoreBluetooth.framework in Frameworks */,
				8423746618008FB300FB7610 /* libz.dylib in Frameworks */,
				8423746518008FAF00FB7610 /* ExternalAccessory.framework in Frameworks */,
				84D611011800792600403C60 /* CoreGraphics.framework in Frameworks */,
				84D611021800792600403C60 /* UIKit.framework in Frameworks */,
				8404FF6F180085C60082F01E /* Cedar-iOS.framework in Frameworks */,
				84D611001800792600403C60 /* SenTestingKit.framework in Frameworks */,
				84D611031800792600403C60 /* Foundation.framework in Frameworks */,
			);
			runOnlyForDeploymentPostprocessing = 0;
		};
/* End PBXFrameworksBuildPhase section */

/* Begin PBXGroup section */
		8404FF6D180085AD0082F01E /* Frameworks */ = {
			isa = PBXGroup;
			children = (
				8404FF6E180085C60082F01E /* Cedar-iOS.framework */,
			);
			path = Frameworks;
			sourceTree = "<group>";
		};
		843C3E7E1800936400EB9E94 /* Controllers */ = {
			isa = PBXGroup;
			children = (
				843C3E881800937E00EB9E94 /* PCHomeViewController.h */,
				843C3E891800937E00EB9E94 /* PCHomeViewController.m */,
				8462A988180DC82000E66B4A /* PCStationsViewController.h */,
				8462A989180DC82000E66B4A /* PCStationsViewController.m */,
			);
			path = Controllers;
			sourceTree = "<group>";
		};
		843C3E8B180093B800EB9E94 /* Controllers */ = {
			isa = PBXGroup;
			children = (
				843C3E8C180093D200EB9E94 /* PCHomeViewControllerSpec.mm */,
				8462A98B180DCB9E00E66B4A /* PCStationsViewControllerSpec.mm */,
			);
			path = Controllers;
			sourceTree = "<group>";
		};
		843C3EA41800970A00EB9E94 /* Interfaces */ = {
			isa = PBXGroup;
			children = (
				843C3EA51800972600EB9E94 /* PCPebbleManager.h */,
				843C3EA61800972600EB9E94 /* PCPebbleManager.m */,
				84D6113318020FF700403C60 /* PCPebbleCentral.h */,
				84D6113418020FF700403C60 /* PCPebbleCentral.m */,
			);
			path = Interfaces;
			sourceTree = "<group>";
		};
		8448130C1801D39800183D89 /* Products */ = {
			isa = PBXGroup;
			children = (
				8448131F1801D39900183D89 /* libUIKit+PivotalCore-StaticLib.a */,
				844813211801D39900183D89 /* libUIKit+PivotalSpecHelper-StaticLib.a */,
				844813231801D39900183D89 /* libUIKit+PivotalSpecHelperStubs-StaticLib.a */,
				844813251801D39900183D89 /* UIKit-StaticLibSpec.app */,
			);
			name = Products;
			sourceTree = "<group>";
		};
		8462A98E180DD48000E66B4A /* Products */ = {
			isa = PBXGroup;
			children = (
				8462A99A180DD48000E66B4A /* Foundation+PivotalCore.framework */,
				8462A99C180DD48000E66B4A /* libFoundation+PivotalCore-StaticLib.a */,
				8462A99E180DD48000E66B4A /* Foundation+PivotalSpecHelper.framework */,
				8462A9A0180DD48000E66B4A /* libFoundation+PivotalSpecHelper-StaticLib.a */,
				8462A9A2180DD48000E66B4A /* FoundationSpec */,
				8462A9A4180DD48000E66B4A /* Foundation-StaticLibSpec.app */,
			);
			name = Products;
			sourceTree = "<group>";
		};
		8473CA16180DC32F00961C86 /* Extensions */ = {
			isa = PBXGroup;
			children = (
				8473CA24180DC36B00961C86 /* UIAlertView+PebCiti.h */,
				8473CA25180DC36B00961C86 /* UIAlertView+PebCiti.m */,
			);
			path = Extensions;
			sourceTree = "<group>";
		};
		8473CA27180DC39E00961C86 /* Extensions */ = {
			isa = PBXGroup;
			children = (
				8473CA2A180DC40100961C86 /* UIAlertView+PebCitiSpec.mm */,
			);
			path = Extensions;
			sourceTree = "<group>";
		};
		8479893E1810805100FF9136 /* Fixtures */ = {
			isa = PBXGroup;
			children = (
				84FD022B181088BE00D41A36 /* FakeResponses */,
			);
			path = Fixtures;
			sourceTree = "<group>";
		};
		847BD52018009BCB00B3D398 /* Interfaces */ = {
			isa = PBXGroup;
			children = (
				847BD52A18009BE100B3D398 /* PCPebbleManagerSpec.mm */,
			);
			path = Interfaces;
			sourceTree = "<group>";
		};
		84AF88EB181A1D1900D33AF7 /* Views */ = {
			isa = PBXGroup;
			children = (
				84AF88FE181A1D3300D33AF7 /* PCHomeView.xib */,
			);
			path = Views;
			sourceTree = "<group>";
		};
		84D610A01800770D00403C60 = {
			isa = PBXGroup;
			children = (
				84D610B21800770D00403C60 /* PebCiti */,
				84D611041800792600403C60 /* Specs */,
				84D610AB1800770D00403C60 /* Frameworks */,
				84D610DC1800782900403C60 /* Externals */,
				84D610AA1800770D00403C60 /* Products */,
			);
			sourceTree = "<group>";
		};
		84D610AA1800770D00403C60 /* Products */ = {
			isa = PBXGroup;
			children = (
				84D610A91800770D00403C60 /* PebCiti.app */,
				84D610FE1800792600403C60 /* Specs.octest */,
			);
			name = Products;
			sourceTree = "<group>";
		};
		84D610AB1800770D00403C60 /* Frameworks */ = {
			isa = PBXGroup;
			children = (
				84D45175181E8D5B002A9D89 /* AudioToolbox.framework */,
				84FD026418118C5D00D41A36 /* CoreLocation.framework */,
				8462A9AE180E1E9200E66B4A /* libxml2.2.dylib */,
				8423746918008FC400FB7610 /* MessageUI.framework */,
				8423746318008F9F00FB7610 /* ExternalAccessory.framework */,
				8423746118008F9900FB7610 /* libz.dylib */,
				8423745F18008F9400FB7610 /* CoreMotion.framework */,
				8423745D18008F9100FB7610 /* CoreBluetooth.framework */,
				84D610AC1800770D00403C60 /* Foundation.framework */,
				84D610AE1800770D00403C60 /* CoreGraphics.framework */,
				84D610B01800770D00403C60 /* UIKit.framework */,
				84D610C51800770D00403C60 /* XCTest.framework */,
				84D610FF1800792600403C60 /* SenTestingKit.framework */,
			);
			name = Frameworks;
			sourceTree = "<group>";
		};
		84D610B21800770D00403C60 /* PebCiti */ = {
			isa = PBXGroup;
			children = (
				84FD027918119EB500D41A36 /* Models */,
				843C3E7E1800936400EB9E94 /* Controllers */,
				84AF88EB181A1D1900D33AF7 /* Views */,
				843C3EA41800970A00EB9E94 /* Interfaces */,
				8473CA16180DC32F00961C86 /* Extensions */,
				843C3E8E1800958800EB9E94 /* PebCiti.h */,
				843C3E8F1800958800EB9E94 /* PebCiti.m */,
				84D610BB1800770D00403C60 /* PCAppDelegate.h */,
				84D610BC1800770D00403C60 /* PCAppDelegate.m */,
				84D610DB1800773800403C60 /* Resources */,
				84D610B31800770D00403C60 /* Supporting Files */,
			);
			path = PebCiti;
			sourceTree = "<group>";
		};
		84D610B31800770D00403C60 /* Supporting Files */ = {
			isa = PBXGroup;
			children = (
				84D610B41800770D00403C60 /* PebCiti-Info.plist */,
				84D610B51800770D00403C60 /* InfoPlist.strings */,
				84D610B81800770D00403C60 /* main.m */,
				84D610BA1800770D00403C60 /* PebCiti-Prefix.pch */,
			);
			path = "Supporting Files";
			sourceTree = "<group>";
		};
		84D610DB1800773800403C60 /* Resources */ = {
			isa = PBXGroup;
			children = (
				84D610BE1800770D00403C60 /* Images.xcassets */,
			);
			path = Resources;
			sourceTree = "<group>";
		};
		84D610DC1800782900403C60 /* Externals */ = {
			isa = PBXGroup;
			children = (
				84D610DD1800791100403C60 /* Cedar.xcodeproj */,
				8462A98D180DD48000E66B4A /* Foundation.xcodeproj */,
				8448130B1801D39800183D89 /* UIKit.xcodeproj */,
				842374571800872900FB7610 /* PebbleKit.framework */,
				842374581800872900FB7610 /* PebbleVendor.framework */,
			);
			path = Externals;
			sourceTree = "<group>";
		};
		84D610DE1800791100403C60 /* Products */ = {
			isa = PBXGroup;
			children = (
				84D610EA1800791300403C60 /* Cedar.framework */,
				84D610EC1800791300403C60 /* Specs */,
				84D610EE1800791300403C60 /* FocusedSpecs */,
				84D610F01800791300403C60 /* libCedar-StaticLib.a */,
				84D610F21800791300403C60 /* iOSSpecs.app */,
				84D610F41800791300403C60 /* OCUnitApp.app */,
				84D610F61800791300403C60 /* OCUnitAppTests.octest */,
				84D610F81800791300403C60 /* OCUnitAppLogicTests.octest */,
			);
			name = Products;
			sourceTree = "<group>";
		};
		84D611041800792600403C60 /* Specs */ = {
			isa = PBXGroup;
			children = (
				84FD02891811A5A500D41A36 /* Models */,
				843C3E8B180093B800EB9E94 /* Controllers */,
				847BD52018009BCB00B3D398 /* Interfaces */,
				8473CA27180DC39E00961C86 /* Extensions */,
				8479893E1810805100FF9136 /* Fixtures */,
				843C3E91180095AF00EB9E94 /* PebCitiSpec.mm */,
				842374551800864400FB7610 /* PCAppDelegateSpec.mm */,
				8404FF6D180085AD0082F01E /* Frameworks */,
				84D611051800792600403C60 /* Supporting Files */,
			);
			path = Specs;
			sourceTree = "<group>";
		};
		84D611051800792600403C60 /* Supporting Files */ = {
			isa = PBXGroup;
			children = (
				84D611061800792600403C60 /* Specs-Info.plist */,
				84D611071800792700403C60 /* InfoPlist.strings */,
				84D6110F1800792700403C60 /* Specs-Prefix.pch */,
			);
			path = "Supporting Files";
			sourceTree = "<group>";
		};
		84FD022B181088BE00D41A36 /* FakeResponses */ = {
			isa = PBXGroup;
			children = (
				84FD022C181088BE00D41A36 /* stations.json */,
				84FD0244181177FF00D41A36 /* stations_invalid.json */,
			);
			path = FakeResponses;
			sourceTree = "<group>";
		};
		84FD022C181088BE00D41A36 /* stations.json */ = {
			isa = PBXGroup;
			children = (
				84FD022D181088BE00D41A36 /* 200.txt */,
				84FD0259181179E800D41A36 /* 404.txt */,
			);
			path = stations.json;
			sourceTree = "<group>";
		};
		84FD0244181177FF00D41A36 /* stations_invalid.json */ = {
			isa = PBXGroup;
			children = (
				84FD0245181177FF00D41A36 /* 200.txt */,
			);
			path = stations_invalid.json;
			sourceTree = "<group>";
		};
		84FD027918119EB500D41A36 /* Models */ = {
			isa = PBXGroup;
			children = (
				84FD029E1811C8B400D41A36 /* PCStation.h */,
				84FD029F1811C8B400D41A36 /* PCStation.m */,
				84FD027A18119EE400D41A36 /* PCStationList.h */,
				84FD027B18119EE400D41A36 /* PCStationList.m */,
			);
			path = Models;
			sourceTree = "<group>";
		};
		84FD02891811A5A500D41A36 /* Models */ = {
			isa = PBXGroup;
			children = (
				84FD029C1811A5B800D41A36 /* PCStationListSpec.mm */,
			);
			name = Models;
			path = Controllers;
			sourceTree = "<group>";
		};
/* End PBXGroup section */

/* Begin PBXNativeTarget section */
		84D610A81800770D00403C60 /* PebCiti */ = {
			isa = PBXNativeTarget;
			buildConfigurationList = 84D610D51800770D00403C60 /* Build configuration list for PBXNativeTarget "PebCiti" */;
			buildPhases = (
				84D610A51800770D00403C60 /* Sources */,
				84D610A61800770D00403C60 /* Frameworks */,
				84D610A71800770D00403C60 /* Resources */,
			);
			buildRules = (
			);
			dependencies = (
			);
			name = PebCiti;
			productName = PebCiti;
			productReference = 84D610A91800770D00403C60 /* PebCiti.app */;
			productType = "com.apple.product-type.application";
		};
		84D610FD1800792600403C60 /* Specs */ = {
			isa = PBXNativeTarget;
			buildConfigurationList = 84D611101800792700403C60 /* Build configuration list for PBXNativeTarget "Specs" */;
			buildPhases = (
				84D610F91800792600403C60 /* Sources */,
				84D610FA1800792600403C60 /* Frameworks */,
				84D610FB1800792600403C60 /* Resources */,
				84D610FC1800792600403C60 /* ShellScript */,
			);
			buildRules = (
			);
			dependencies = (
				84FD023B1811766900D41A36 /* PBXTargetDependency */,
				84FD02381811764200D41A36 /* PBXTargetDependency */,
				84F05AB01801D4B70096EA4B /* PBXTargetDependency */,
				84F05AB21801D4B70096EA4B /* PBXTargetDependency */,
			);
			name = Specs;
			productName = Specs;
			productReference = 84D610FE1800792600403C60 /* Specs.octest */;
			productType = "com.apple.product-type.bundle";
		};
/* End PBXNativeTarget section */

/* Begin PBXProject section */
		84D610A11800770D00403C60 /* Project object */ = {
			isa = PBXProject;
			attributes = {
				CLASSPREFIX = PC;
				LastUpgradeCheck = 0500;
				ORGANIZATIONNAME = Masilotti.com;
				TargetAttributes = {
					84D610A81800770D00403C60 = {
						SystemCapabilities = {
							com.apple.BackgroundModes = {
								enabled = 1;
							};
						};
					};
				};
			};
			buildConfigurationList = 84D610A41800770D00403C60 /* Build configuration list for PBXProject "PebCiti" */;
			compatibilityVersion = "Xcode 3.2";
			developmentRegion = English;
			hasScannedForEncodings = 0;
			knownRegions = (
				en,
			);
			mainGroup = 84D610A01800770D00403C60;
			productRefGroup = 84D610AA1800770D00403C60 /* Products */;
			projectDirPath = "";
			projectReferences = (
				{
					ProductGroup = 84D610DE1800791100403C60 /* Products */;
					ProjectRef = 84D610DD1800791100403C60 /* Cedar.xcodeproj */;
				},
				{
					ProductGroup = 8462A98E180DD48000E66B4A /* Products */;
					ProjectRef = 8462A98D180DD48000E66B4A /* Foundation.xcodeproj */;
				},
				{
					ProductGroup = 8448130C1801D39800183D89 /* Products */;
					ProjectRef = 8448130B1801D39800183D89 /* UIKit.xcodeproj */;
				},
			);
			projectRoot = "";
			targets = (
				84D610A81800770D00403C60 /* PebCiti */,
				84D610FD1800792600403C60 /* Specs */,
			);
		};
/* End PBXProject section */

/* Begin PBXReferenceProxy section */
		8448131F1801D39900183D89 /* libUIKit+PivotalCore-StaticLib.a */ = {
			isa = PBXReferenceProxy;
			fileType = archive.ar;
			path = "libUIKit+PivotalCore-StaticLib.a";
			remoteRef = 8448131E1801D39900183D89 /* PBXContainerItemProxy */;
			sourceTree = BUILT_PRODUCTS_DIR;
		};
		844813211801D39900183D89 /* libUIKit+PivotalSpecHelper-StaticLib.a */ = {
			isa = PBXReferenceProxy;
			fileType = archive.ar;
			path = "libUIKit+PivotalSpecHelper-StaticLib.a";
			remoteRef = 844813201801D39900183D89 /* PBXContainerItemProxy */;
			sourceTree = BUILT_PRODUCTS_DIR;
		};
		844813231801D39900183D89 /* libUIKit+PivotalSpecHelperStubs-StaticLib.a */ = {
			isa = PBXReferenceProxy;
			fileType = archive.ar;
			path = "libUIKit+PivotalSpecHelperStubs-StaticLib.a";
			remoteRef = 844813221801D39900183D89 /* PBXContainerItemProxy */;
			sourceTree = BUILT_PRODUCTS_DIR;
		};
		844813251801D39900183D89 /* UIKit-StaticLibSpec.app */ = {
			isa = PBXReferenceProxy;
			fileType = wrapper.application;
			path = "UIKit-StaticLibSpec.app";
			remoteRef = 844813241801D39900183D89 /* PBXContainerItemProxy */;
			sourceTree = BUILT_PRODUCTS_DIR;
		};
		8462A99A180DD48000E66B4A /* Foundation+PivotalCore.framework */ = {
			isa = PBXReferenceProxy;
			fileType = wrapper.framework;
			path = "Foundation+PivotalCore.framework";
			remoteRef = 8462A999180DD48000E66B4A /* PBXContainerItemProxy */;
			sourceTree = BUILT_PRODUCTS_DIR;
		};
		8462A99C180DD48000E66B4A /* libFoundation+PivotalCore-StaticLib.a */ = {
			isa = PBXReferenceProxy;
			fileType = archive.ar;
			path = "libFoundation+PivotalCore-StaticLib.a";
			remoteRef = 8462A99B180DD48000E66B4A /* PBXContainerItemProxy */;
			sourceTree = BUILT_PRODUCTS_DIR;
		};
		8462A99E180DD48000E66B4A /* Foundation+PivotalSpecHelper.framework */ = {
			isa = PBXReferenceProxy;
			fileType = wrapper.framework;
			path = "Foundation+PivotalSpecHelper.framework";
			remoteRef = 8462A99D180DD48000E66B4A /* PBXContainerItemProxy */;
			sourceTree = BUILT_PRODUCTS_DIR;
		};
		8462A9A0180DD48000E66B4A /* libFoundation+PivotalSpecHelper-StaticLib.a */ = {
			isa = PBXReferenceProxy;
			fileType = archive.ar;
			path = "libFoundation+PivotalSpecHelper-StaticLib.a";
			remoteRef = 8462A99F180DD48000E66B4A /* PBXContainerItemProxy */;
			sourceTree = BUILT_PRODUCTS_DIR;
		};
		8462A9A2180DD48000E66B4A /* FoundationSpec */ = {
			isa = PBXReferenceProxy;
			fileType = "compiled.mach-o.executable";
			path = FoundationSpec;
			remoteRef = 8462A9A1180DD48000E66B4A /* PBXContainerItemProxy */;
			sourceTree = BUILT_PRODUCTS_DIR;
		};
		8462A9A4180DD48000E66B4A /* Foundation-StaticLibSpec.app */ = {
			isa = PBXReferenceProxy;
			fileType = wrapper.application;
			path = "Foundation-StaticLibSpec.app";
			remoteRef = 8462A9A3180DD48000E66B4A /* PBXContainerItemProxy */;
			sourceTree = BUILT_PRODUCTS_DIR;
		};
		84D610EA1800791300403C60 /* Cedar.framework */ = {
			isa = PBXReferenceProxy;
			fileType = wrapper.framework;
			path = Cedar.framework;
			remoteRef = 84D610E91800791300403C60 /* PBXContainerItemProxy */;
			sourceTree = BUILT_PRODUCTS_DIR;
		};
		84D610EC1800791300403C60 /* Specs */ = {
			isa = PBXReferenceProxy;
			fileType = "compiled.mach-o.executable";
			path = Specs;
			remoteRef = 84D610EB1800791300403C60 /* PBXContainerItemProxy */;
			sourceTree = BUILT_PRODUCTS_DIR;
		};
		84D610EE1800791300403C60 /* FocusedSpecs */ = {
			isa = PBXReferenceProxy;
			fileType = "compiled.mach-o.executable";
			path = FocusedSpecs;
			remoteRef = 84D610ED1800791300403C60 /* PBXContainerItemProxy */;
			sourceTree = BUILT_PRODUCTS_DIR;
		};
		84D610F01800791300403C60 /* libCedar-StaticLib.a */ = {
			isa = PBXReferenceProxy;
			fileType = archive.ar;
			path = "libCedar-StaticLib.a";
			remoteRef = 84D610EF1800791300403C60 /* PBXContainerItemProxy */;
			sourceTree = BUILT_PRODUCTS_DIR;
		};
		84D610F21800791300403C60 /* iOSSpecs.app */ = {
			isa = PBXReferenceProxy;
			fileType = wrapper.application;
			path = iOSSpecs.app;
			remoteRef = 84D610F11800791300403C60 /* PBXContainerItemProxy */;
			sourceTree = BUILT_PRODUCTS_DIR;
		};
		84D610F41800791300403C60 /* OCUnitApp.app */ = {
			isa = PBXReferenceProxy;
			fileType = wrapper.application;
			path = OCUnitApp.app;
			remoteRef = 84D610F31800791300403C60 /* PBXContainerItemProxy */;
			sourceTree = BUILT_PRODUCTS_DIR;
		};
		84D610F61800791300403C60 /* OCUnitAppTests.octest */ = {
			isa = PBXReferenceProxy;
			fileType = wrapper.cfbundle;
			path = OCUnitAppTests.octest;
			remoteRef = 84D610F51800791300403C60 /* PBXContainerItemProxy */;
			sourceTree = BUILT_PRODUCTS_DIR;
		};
		84D610F81800791300403C60 /* OCUnitAppLogicTests.octest */ = {
			isa = PBXReferenceProxy;
			fileType = wrapper.cfbundle;
			path = OCUnitAppLogicTests.octest;
			remoteRef = 84D610F71800791300403C60 /* PBXContainerItemProxy */;
			sourceTree = BUILT_PRODUCTS_DIR;
		};
/* End PBXReferenceProxy section */

/* Begin PBXResourcesBuildPhase section */
		84D610A71800770D00403C60 /* Resources */ = {
			isa = PBXResourcesBuildPhase;
			buildActionMask = 2147483647;
			files = (
				84D610B71800770D00403C60 /* InfoPlist.strings in Resources */,
				84AF88FF181A1D3300D33AF7 /* PCHomeView.xib in Resources */,
				84D610BF1800770D00403C60 /* Images.xcassets in Resources */,
			);
			runOnlyForDeploymentPostprocessing = 0;
		};
		84D610FB1800792600403C60 /* Resources */ = {
			isa = PBXResourcesBuildPhase;
			buildActionMask = 2147483647;
			files = (
				84FD025A181179E800D41A36 /* 404.txt in Resources */,
				84D611091800792700403C60 /* InfoPlist.strings in Resources */,
				84FD0246181177FF00D41A36 /* 200.txt in Resources */,
			);
			runOnlyForDeploymentPostprocessing = 0;
		};
/* End PBXResourcesBuildPhase section */

/* Begin PBXShellScriptBuildPhase section */
		84D610FC1800792600403C60 /* ShellScript */ = {
			isa = PBXShellScriptBuildPhase;
			buildActionMask = 2147483647;
			files = (
			);
			inputPaths = (
			);
			outputPaths = (
			);
			runOnlyForDeploymentPostprocessing = 0;
			shellPath = /bin/sh;
			shellScript = "# Run the unit tests in this test bundle.\n\"${SYSTEM_DEVELOPER_DIR}/Tools/RunUnitTests\"\n";
		};
/* End PBXShellScriptBuildPhase section */

/* Begin PBXSourcesBuildPhase section */
		84D610A51800770D00403C60 /* Sources */ = {
			isa = PBXSourcesBuildPhase;
			buildActionMask = 2147483647;
			files = (
				843C3E901800958800EB9E94 /* PebCiti.m in Sources */,
				84D610B91800770D00403C60 /* main.m in Sources */,
				8473CA26180DC36B00961C86 /* UIAlertView+PebCiti.m in Sources */,
				843C3EA71800972600EB9E94 /* PCPebbleManager.m in Sources */,
				84FD027C18119EE400D41A36 /* PCStationList.m in Sources */,
				8462A98A180DC82000E66B4A /* PCStationsViewController.m in Sources */,
				843C3E8A1800937E00EB9E94 /* PCHomeViewController.m in Sources */,
				84FD02A01811C8B400D41A36 /* PCStation.m in Sources */,
				84D6113518020FF700403C60 /* PCPebbleCentral.m in Sources */,
				84D610BD1800770D00403C60 /* PCAppDelegate.m in Sources */,
			);
			runOnlyForDeploymentPostprocessing = 0;
		};
		84D610F91800792600403C60 /* Sources */ = {
			isa = PBXSourcesBuildPhase;
			buildActionMask = 2147483647;
			files = (
				8473CA2B180DC40100961C86 /* UIAlertView+PebCitiSpec.mm in Sources */,
				8462A98C180DCB9E00E66B4A /* PCStationsViewControllerSpec.mm in Sources */,
				843C3E92180095AF00EB9E94 /* PebCitiSpec.mm in Sources */,
				847BD52B18009BE100B3D398 /* PCPebbleManagerSpec.mm in Sources */,
				84FD029D1811A5B800D41A36 /* PCStationListSpec.mm in Sources */,
				842374561800864400FB7610 /* PCAppDelegateSpec.mm in Sources */,
				843C3E8D180093D200EB9E94 /* PCHomeViewControllerSpec.mm in Sources */,
			);
			runOnlyForDeploymentPostprocessing = 0;
		};
/* End PBXSourcesBuildPhase section */

/* Begin PBXTargetDependency section */
		84F05AB01801D4B70096EA4B /* PBXTargetDependency */ = {
			isa = PBXTargetDependency;
			name = "UIKit+PivotalSpecHelper-StaticLib";
			targetProxy = 84F05AAF1801D4B70096EA4B /* PBXContainerItemProxy */;
		};
		84F05AB21801D4B70096EA4B /* PBXTargetDependency */ = {
			isa = PBXTargetDependency;
			name = "UIKit+PivotalSpecHelperStubs-StaticLib";
			targetProxy = 84F05AB11801D4B70096EA4B /* PBXContainerItemProxy */;
		};
		84FD02381811764200D41A36 /* PBXTargetDependency */ = {
			isa = PBXTargetDependency;
			name = "Foundation+PivotalCore-StaticLib";
			targetProxy = 84FD02371811764200D41A36 /* PBXContainerItemProxy */;
		};
		84FD023B1811766900D41A36 /* PBXTargetDependency */ = {
			isa = PBXTargetDependency;
			name = "Foundation+PivotalSpecHelper-StaticLib";
			targetProxy = 84FD023A1811766900D41A36 /* PBXContainerItemProxy */;
		};
/* End PBXTargetDependency section */

/* Begin PBXVariantGroup section */
		84D610B51800770D00403C60 /* InfoPlist.strings */ = {
			isa = PBXVariantGroup;
			children = (
				84D610B61800770D00403C60 /* en */,
			);
			name = InfoPlist.strings;
			sourceTree = "<group>";
		};
		84D611071800792700403C60 /* InfoPlist.strings */ = {
			isa = PBXVariantGroup;
			children = (
				84D611081800792700403C60 /* en */,
			);
			name = InfoPlist.strings;
			sourceTree = "<group>";
		};
/* End PBXVariantGroup section */

/* Begin XCBuildConfiguration section */
		84D610D31800770D00403C60 /* Debug */ = {
			isa = XCBuildConfiguration;
			buildSettings = {
				ALWAYS_SEARCH_USER_PATHS = NO;
				ARCHS = "$(ARCHS_STANDARD)";
				CLANG_CXX_LANGUAGE_STANDARD = "gnu++0x";
				CLANG_CXX_LIBRARY = "libc++";
				CLANG_ENABLE_MODULES = YES;
				CLANG_ENABLE_OBJC_ARC = YES;
				CLANG_WARN_BOOL_CONVERSION = YES;
				CLANG_WARN_CONSTANT_CONVERSION = YES;
				CLANG_WARN_DIRECT_OBJC_ISA_USAGE = YES_ERROR;
				CLANG_WARN_EMPTY_BODY = YES;
				CLANG_WARN_ENUM_CONVERSION = YES;
				CLANG_WARN_INT_CONVERSION = YES;
				CLANG_WARN_OBJC_ROOT_CLASS = YES_ERROR;
				CLANG_WARN__DUPLICATE_METHOD_MATCH = YES;
				"CODE_SIGN_IDENTITY[sdk=iphoneos*]" = "iPhone Developer";
				COPY_PHASE_STRIP = NO;
				CURRENT_PROJECT_VERSION = 2;
				GCC_C_LANGUAGE_STANDARD = gnu99;
				GCC_DYNAMIC_NO_PIC = NO;
				GCC_OPTIMIZATION_LEVEL = 0;
				GCC_PREPROCESSOR_DEFINITIONS = (
					"DEBUG=1",
					"$(inherited)",
				);
				GCC_SYMBOLS_PRIVATE_EXTERN = NO;
				GCC_WARN_64_TO_32_BIT_CONVERSION = YES;
				GCC_WARN_ABOUT_RETURN_TYPE = YES_ERROR;
				GCC_WARN_UNDECLARED_SELECTOR = YES;
				GCC_WARN_UNINITIALIZED_AUTOS = YES;
				GCC_WARN_UNUSED_FUNCTION = YES;
				GCC_WARN_UNUSED_VARIABLE = YES;
				IPHONEOS_DEPLOYMENT_TARGET = 7.0;
				ONLY_ACTIVE_ARCH = YES;
				OTHER_LDFLAGS = "-ObjC";
				SDKROOT = iphoneos;
			};
			name = Debug;
		};
		84D610D41800770D00403C60 /* Release */ = {
			isa = XCBuildConfiguration;
			buildSettings = {
				ALWAYS_SEARCH_USER_PATHS = NO;
				ARCHS = "$(ARCHS_STANDARD)";
				CLANG_CXX_LANGUAGE_STANDARD = "gnu++0x";
				CLANG_CXX_LIBRARY = "libc++";
				CLANG_ENABLE_MODULES = YES;
				CLANG_ENABLE_OBJC_ARC = YES;
				CLANG_WARN_BOOL_CONVERSION = YES;
				CLANG_WARN_CONSTANT_CONVERSION = YES;
				CLANG_WARN_DIRECT_OBJC_ISA_USAGE = YES_ERROR;
				CLANG_WARN_EMPTY_BODY = YES;
				CLANG_WARN_ENUM_CONVERSION = YES;
				CLANG_WARN_INT_CONVERSION = YES;
				CLANG_WARN_OBJC_ROOT_CLASS = YES_ERROR;
				CLANG_WARN__DUPLICATE_METHOD_MATCH = YES;
				"CODE_SIGN_IDENTITY[sdk=iphoneos*]" = "iPhone Developer";
				COPY_PHASE_STRIP = YES;
				CURRENT_PROJECT_VERSION = 2;
				ENABLE_NS_ASSERTIONS = NO;
				GCC_C_LANGUAGE_STANDARD = gnu99;
				GCC_PREPROCESSOR_DEFINITIONS = "";
				GCC_WARN_64_TO_32_BIT_CONVERSION = YES;
				GCC_WARN_ABOUT_RETURN_TYPE = YES_ERROR;
				GCC_WARN_UNDECLARED_SELECTOR = YES;
				GCC_WARN_UNINITIALIZED_AUTOS = YES;
				GCC_WARN_UNUSED_FUNCTION = YES;
				GCC_WARN_UNUSED_VARIABLE = YES;
				IPHONEOS_DEPLOYMENT_TARGET = 7.0;
				OTHER_LDFLAGS = "-ObjC";
				SDKROOT = iphoneos;
				VALIDATE_PRODUCT = YES;
			};
			name = Release;
		};
		84D610D61800770D00403C60 /* Debug */ = {
			isa = XCBuildConfiguration;
			buildSettings = {
				ASSETCATALOG_COMPILER_APPICON_NAME = AppIcon;
				ASSETCATALOG_COMPILER_LAUNCHIMAGE_NAME = LaunchImage;
				FRAMEWORK_SEARCH_PATHS = (
					"$(inherited)",
					"$(SRCROOT)/Externals/pebblekit/iOS",
				);
				GCC_PRECOMPILE_PREFIX_HEADER = YES;
				GCC_PREFIX_HEADER = "PebCiti/Supporting Files/PebCiti-Prefix.pch";
				INFOPLIST_FILE = "$(SRCROOT)/PebCiti/Supporting Files/PebCiti-Info.plist";
				PRODUCT_NAME = "$(TARGET_NAME)";
				WRAPPER_EXTENSION = app;
			};
			name = Debug;
		};
		84D610D71800770D00403C60 /* Release */ = {
			isa = XCBuildConfiguration;
			buildSettings = {
				ASSETCATALOG_COMPILER_APPICON_NAME = AppIcon;
				ASSETCATALOG_COMPILER_LAUNCHIMAGE_NAME = LaunchImage;
				FRAMEWORK_SEARCH_PATHS = (
					"$(inherited)",
					"$(SRCROOT)/Externals/pebblekit/iOS",
				);
				GCC_PRECOMPILE_PREFIX_HEADER = YES;
				GCC_PREFIX_HEADER = "PebCiti/Supporting Files/PebCiti-Prefix.pch";
				INFOPLIST_FILE = "$(SRCROOT)/PebCiti/Supporting Files/PebCiti-Info.plist";
				PRODUCT_NAME = "$(TARGET_NAME)";
				WRAPPER_EXTENSION = app;
			};
			name = Release;
		};
		84D611111800792700403C60 /* Debug */ = {
			isa = XCBuildConfiguration;
			buildSettings = {
				BUNDLE_LOADER = "$(BUILT_PRODUCTS_DIR)/PebCiti.app/PebCiti";
				CLANG_ENABLE_OBJC_ARC = NO;
				FRAMEWORK_SEARCH_PATHS = (
					"$(SDKROOT)/Developer/Library/Frameworks",
					"$(DEVELOPER_LIBRARY_DIR)/Frameworks",
					"$(DEVELOPER_FRAMEWORKS_DIR)",
					"$(SRCROOT)/Specs/Frameworks",
					"$(SRCROOT)/Externals/pebblekit/iOS",
				);
				GCC_PRECOMPILE_PREFIX_HEADER = YES;
				GCC_PREFIX_HEADER = "Specs/Supporting Files/Specs-Prefix.pch";
				GCC_PREPROCESSOR_DEFINITIONS = (
					"$(inherited)",
					"FIXTURESDIR=\\\"$(SRCROOT)/Specs/Fixtures\\\"",
				);
				HEADER_SEARCH_PATHS = (
					"$(inherited)",
					/Applications/Xcode.app/Contents/Developer/Toolchains/XcodeDefault.xctoolchain/usr/include,
				);
				INFOPLIST_FILE = "Specs/Supporting Files/Specs-Info.plist";
				OTHER_LDFLAGS = (
					"-ObjC",
					"-all_load",
					"-lstdc++",
				);
				PRODUCT_NAME = "$(TARGET_NAME)";
				TEST_HOST = "$(BUNDLE_LOADER)";
				USER_HEADER_SEARCH_PATHS = "$(SRCROOT)/Externals/PivotalCoreKit/**";
				WRAPPER_EXTENSION = octest;
			};
			name = Debug;
		};
		84D611121800792700403C60 /* Release */ = {
			isa = XCBuildConfiguration;
			buildSettings = {
				BUNDLE_LOADER = "$(BUILT_PRODUCTS_DIR)/PebCiti.app/PebCiti";
				CLANG_ENABLE_OBJC_ARC = NO;
				FRAMEWORK_SEARCH_PATHS = (
					"$(SDKROOT)/Developer/Library/Frameworks",
					"$(DEVELOPER_LIBRARY_DIR)/Frameworks",
					"$(DEVELOPER_FRAMEWORKS_DIR)",
					"$(SRCROOT)/Specs/Frameworks",
					"$(SRCROOT)/Externals/pebblekit/iOS",
				);
				GCC_PRECOMPILE_PREFIX_HEADER = YES;
				GCC_PREFIX_HEADER = "Specs/Supporting Files/Specs-Prefix.pch";
				GCC_PREPROCESSOR_DEFINITIONS = "FIXTURESDIR=\\\"$(SRCROOT)/Specs/Fixtures\\\"";
				HEADER_SEARCH_PATHS = (
					"$(inherited)",
					/Applications/Xcode.app/Contents/Developer/Toolchains/XcodeDefault.xctoolchain/usr/include,
				);
				INFOPLIST_FILE = "Specs/Supporting Files/Specs-Info.plist";
				OTHER_LDFLAGS = (
					"-ObjC",
					"-all_load",
					"-lstdc++",
				);
				PRODUCT_NAME = "$(TARGET_NAME)";
				TEST_HOST = "$(BUNDLE_LOADER)";
				USER_HEADER_SEARCH_PATHS = "$(SRCROOT)/Externals/PivotalCoreKit/**";
				WRAPPER_EXTENSION = octest;
			};
			name = Release;
		};
/* End XCBuildConfiguration section */

/* Begin XCConfigurationList section */
		84D610A41800770D00403C60 /* Build configuration list for PBXProject "PebCiti" */ = {
			isa = XCConfigurationList;
			buildConfigurations = (
				84D610D31800770D00403C60 /* Debug */,
				84D610D41800770D00403C60 /* Release */,
			);
			defaultConfigurationIsVisible = 0;
			defaultConfigurationName = Release;
		};
		84D610D51800770D00403C60 /* Build configuration list for PBXNativeTarget "PebCiti" */ = {
			isa = XCConfigurationList;
			buildConfigurations = (
				84D610D61800770D00403C60 /* Debug */,
				84D610D71800770D00403C60 /* Release */,
			);
			defaultConfigurationIsVisible = 0;
			defaultConfigurationName = Release;
		};
		84D611101800792700403C60 /* Build configuration list for PBXNativeTarget "Specs" */ = {
			isa = XCConfigurationList;
			buildConfigurations = (
				84D611111800792700403C60 /* Debug */,
				84D611121800792700403C60 /* Release */,
			);
			defaultConfigurationIsVisible = 0;
			defaultConfigurationName = Release;
		};
/* End XCConfigurationList section */
	};
	rootObject = 84D610A11800770D00403C60 /* Project object */;
}
